
Microsoft Visual Studio Solution File, Format Version 12.00
# Visual Studio Version 16
VisualStudioVersion = 16.0.29709.97
MinimumVisualStudioVersion = 10.0.40219.1
Project("{FAE04EC0-301F-11D3-BF4B-00C04F79EFBC}") = "NamedKeyDIDemo", "NamedKeyDIDemo.csproj", "{4D3F4711-0C32-424B-9F82-4830A6C1792A}"
EndProject
Global
	GlobalSection(SolutionConfigurationPlatforms) = preSolution
		Debug|Any CPU = Debug|Any CPU
		Release|Any CPU = Release|Any CPU
	EndGlobalSection
	GlobalSection(ProjectConfigurationPlatforms) = postSolution
		{4D3F4711-0C32-424B-9F82-4830A6C1792A}.Debug|Any CPU.ActiveCfg = Debug|Any CPU
		{4D3F4711-0C32-424B-9F82-4830A6C1792A}.Debug|Any CPU.Build.0 = Debug|Any CPU
		{4D3F4711-0C32-424B-9F82-4830A6C1792A}.Release|Any CPU.ActiveCfg = Release|Any CPU
		{4D3F4711-0C32-424B-9F82-4830A6C1792A}.Release|Any CPU.Build.0 = Release|Any CPU
	EndGlobalSection
	GlobalSection(SolutionProperties) = preSolution
		HideSolutionNode = FALSE
	EndGlobalSection
	GlobalSection(ExtensibilityGlobals) = postSolution
		SolutionGuid = {AD4A0E32-9F4F-4698-8438-C52DBD823473}
	EndGlobalSection
EndGlobal
